
Microsoft Visual Studio Solution File, Format Version 12.00
# Visual Studio Version 17
VisualStudioVersion = 17.14.37516.0 d17.14
MinimumVisualStudioVersion = 10.0.40219.1
Project("{FAE04EC0-301F-11D3-BF4B-00C04F79EFBC}") = "Turorial_2_2", "Turorial_2_2\Turorial_2_2.csproj", "{4C2C718C-83B8-465A-87B2-3D2589AEA08E}"
EndProject
Global
	GlobalSection(SolutionConfigurationPlatforms) = preSolution
		Debug|Any CPU = Debug|Any CPU
		Release|Any CPU = Release|Any CPU
	EndGlobalSection
	GlobalSection(ProjectConfigurationPlatforms) = postSolution
		{4C2C718C-83B8-465A-87B2-3D2589AEA08E}.Debug|Any CPU.ActiveCfg = Debug|Any CPU
		{4C2C718C-83B8-465A-87B2-3D2589AEA08E}.Debug|Any CPU.Build.0 = Debug|Any CPU
		{4C2C718C-83B8-465A-87B2-3D2589AEA08E}.Release|Any CPU.ActiveCfg = Release|Any CPU
		{4C2C718C-83B8-465A-87B2-3D2589AEA08E}.Release|Any CPU.Build.0 = Release|Any CPU
	EndGlobalSection
	GlobalSection(SolutionProperties) = preSolution
		HideSolutionNode = FALSE
	EndGlobalSection
	GlobalSection(ExtensibilityGlobals) = postSolution
		SolutionGuid = {1AED6064-7CAB-4CC9-BF5C-CA458660311A}
	EndGlobalSection
EndGlobal
